
Microsoft Visual Studio Solution File, Format Version 12.00
# Visual Studio Version 17
VisualStudioVersion = 17.4.33213.308
MinimumVisualStudioVersion = 10.0.40219.1
Project("{8BC9CEB8-8B4A-11D0-8D11-00A0C91BC942}") = "skiddywiddy", "skiddywiddy\skiddywiddy.vcxproj", "{FD6CB0F8-0F07-44F8-8858-2F1651D67CFA}"
EndProject
Global
	GlobalSection(SolutionConfigurationPlatforms) = preSolution
		Debug|x64 = Debug|x64
		Debug|x86 = Debug|x86
		Release|x64 = Release|x64
		Release|x86 = Release|x86
	EndGlobalSection
	GlobalSection(ProjectConfigurationPlatforms) = postSolution
		{FD6CB0F8-0F07-44F8-8858-2F1651D67CFA}.Debug|x64.ActiveCfg = Debug|x64
		{FD6CB0F8-0F07-44F8-8858-2F1651D67CFA}.Debug|x64.Build.0 = Debug|x64
		{FD6CB0F8-0F07-44F8-8858-2F1651D67CFA}.Debug|x86.ActiveCfg = Debug|Win32
		{FD6CB0F8-0F07-44F8-8858-2F1651D67CFA}.Debug|x86.Build.0 = Debug|Win32
		{FD6CB0F8-0F07-44F8-8858-2F1651D67CFA}.Release|x64.ActiveCfg = Release|x64
		{FD6CB0F8-0F07-44F8-8858-2F1651D67CFA}.Release|x64.Build.0 = Release|x64
		{FD6CB0F8-0F07-44F8-8858-2F1651D67CFA}.Release|x86.ActiveCfg = Release|Win32
		{FD6CB0F8-0F07-44F8-8858-2F1651D67CFA}.Release|x86.Build.0 = Release|Win32
	EndGlobalSection
	GlobalSection(SolutionProperties) = preSolution
		HideSolutionNode = FALSE
	EndGlobalSection
	GlobalSection(ExtensibilityGlobals) = postSolution
		SolutionGuid = {FD78927D-58ED-487B-9013-90B43B58A5AE}
	EndGlobalSection
EndGlobal
